
Microsoft Visual Studio Solution File, Format Version 12.00
# Visual Studio Version 17
VisualStudioVersion = 17.10.35027.167
MinimumVisualStudioVersion = 10.0.40219.1
Project("{FAE04EC0-301F-11D3-BF4B-00C04F79EFBC}") = "uh2", "uh2\uh2.csproj", "{2B7B860B-1FA7-498B-9051-F1F595D1B773}"
EndProject
Global
	GlobalSection(SolutionConfigurationPlatforms) = preSolution
		Debug|Any CPU = Debug|Any CPU
		Release|Any CPU = Release|Any CPU
	EndGlobalSection
	GlobalSection(ProjectConfigurationPlatforms) = postSolution
		{2B7B860B-1FA7-498B-9051-F1F595D1B773}.Debug|Any CPU.ActiveCfg = Debug|Any CPU
		{2B7B860B-1FA7-498B-9051-F1F595D1B773}.Debug|Any CPU.Build.0 = Debug|Any CPU
		{2B7B860B-1FA7-498B-9051-F1F595D1B773}.Release|Any CPU.ActiveCfg = Release|Any CPU
		{2B7B860B-1FA7-498B-9051-F1F595D1B773}.Release|Any CPU.Build.0 = Release|Any CPU
	EndGlobalSection
	GlobalSection(SolutionProperties) = preSolution
		HideSolutionNode = FALSE
	EndGlobalSection
	GlobalSection(ExtensibilityGlobals) = postSolution
		SolutionGuid = {603C6326-643C-4535-82AA-221286E0104B}
	EndGlobalSection
EndGlobal
